{
  "name": "project-two",
  "version": "0.0.1",
  "lockfileVersion": 1,
  "requires": true,
  "dependencies": {
    "@stencil/core": {
      "version": "2.0.1",
      "resolved": "https://registry.npmjs.org/@stencil/core/-/core-2.0.1.tgz",
      "integrity": "sha512-LJahm4BjP+6hD35MXyk7kiZWopBGCf3tCYtJELVejUOj7GEzTx3rRNeK2wZkn/D3D68du8SFnU0nD3FpaBzyZA=="
    },
    "date-fns": {
      "version": "2.8.1",
      "resolved": "https://registry.npmjs.org/date-fns/-/date-fns-2.8.1.tgz",
      "integrity": "sha512-EL/C8IHvYRwAHYgFRse4MGAPSqlJVlOrhVYZ75iQBKrnv+ZedmYsgwH3t+BCDuZDXpoo07+q9j4qgSSOa7irJg=="
    },
    "kws-weather-widgets": {
      "version": "2.0.3",
      "resolved": "https://registry.npmjs.org/kws-weather-widgets/-/kws-weather-widgets-2.0.3.tgz",
      "integrity": "sha512-L8zRrot0DwkISaEcabL9iboLQjGFgNAgL3d4i27bQpr2ZvVY5TJvGzlWMFB1q4tQIlBLi9fZ+VFYOXWJ+bjsIg==",
      "requires": {
        "date-fns": "~2.8.1"
      }
    }
  }
}
